
Microsoft Visual Studio Solution File, Format Version 12.00
# Visual Studio Version 17
VisualStudioVersion = 17.11.35208.52
MinimumVisualStudioVersion = 10.0.40219.1
Project("{FAE04EC0-301F-11D3-BF4B-00C04F79EFBC}") = "EMS-Pro", "EMS-Pro\EMS-Pro.csproj", "{0F76BA25-5C01-4A7D-AA69-7EB543DEF803}"
EndProject
Global
	GlobalSection(SolutionConfigurationPlatforms) = preSolution
		Debug|Any CPU = Debug|Any CPU
		Release|Any CPU = Release|Any CPU
	EndGlobalSection
	GlobalSection(ProjectConfigurationPlatforms) = postSolution
		{0F76BA25-5C01-4A7D-AA69-7EB543DEF803}.Debug|Any CPU.ActiveCfg = Debug|Any CPU
		{0F76BA25-5C01-4A7D-AA69-7EB543DEF803}.Debug|Any CPU.Build.0 = Debug|Any CPU
		{0F76BA25-5C01-4A7D-AA69-7EB543DEF803}.Release|Any CPU.ActiveCfg = Release|Any CPU
		{0F76BA25-5C01-4A7D-AA69-7EB543DEF803}.Release|Any CPU.Build.0 = Release|Any CPU
	EndGlobalSection
	GlobalSection(SolutionProperties) = preSolution
		HideSolutionNode = FALSE
	EndGlobalSection
	GlobalSection(ExtensibilityGlobals) = postSolution
		SolutionGuid = {231455BE-CDBE-42AE-A751-74905793DCA5}
	EndGlobalSection
EndGlobal
